// !$*UTF8*$!
{
	archiveVersion = 1;
	classes = {
	};
	objectVersion = 70;
	objects = {

/* Begin PBXBuildFile section */
		5E0405A72DA0CFF300C3B312 /* AlertToast in Frameworks */ = {isa = PBXBuildFile; productRef = 5E0405A62DA0CFF300C3B312 /* AlertToast */; };
		F12C1C662904D16700C3302B /* Alamofire in Frameworks */ = {isa = PBXBuildFile; productRef = F12C1C652904D16700C3302B /* Alamofire */; };
		F17A80A52B78764300E811C8 /* MultiPicker in Frameworks */ = {isa = PBXBuildFile; productRef = F17A80A42B78764300E811C8 /* MultiPicker */; };
/* End PBXBuildFile section */

/* Begin PBXContainerItemProxy section */
		F12C1C382904951B00C3302B /* PBXContainerItemProxy */ = {
			isa = PBXContainerItemProxy;
			containerPortal = F12C1C1F2904951600C3302B /* Project object */;
			proxyType = 1;
			remoteGlobalIDString = F12C1C262904951600C3302B;
			remoteInfo = "EZ Recipes";
		};
		F12C1C422904951B00C3302B /* PBXContainerItemProxy */ = {
			isa = PBXContainerItemProxy;
			containerPortal = F12C1C1F2904951600C3302B /* Project object */;
			proxyType = 1;
			remoteGlobalIDString = F12C1C262904951600C3302B;
			remoteInfo = "EZ Recipes";
		};
/* End PBXContainerItemProxy section */

/* Begin PBXFileReference section */
		5E756B052E9DD80B002D0E25 /* Package.swift */ = {isa = PBXFileReference; lastKnownFileType = sourcecode.swift; name = Package.swift; path = ../Package.swift; sourceTree = "<group>"; };
		F12C1C272904951600C3302B /* EZ Recipes.app */ = {isa = PBXFileReference; explicitFileType = wrapper.application; includeInIndex = 0; path = "EZ Recipes.app"; sourceTree = BUILT_PRODUCTS_DIR; };
		F12C1C372904951B00C3302B /* EZ RecipesTests.xctest */ = {isa = PBXFileReference; explicitFileType = wrapper.cfbundle; includeInIndex = 0; path = "EZ RecipesTests.xctest"; sourceTree = BUILT_PRODUCTS_DIR; };
		F12C1C412904951B00C3302B /* EZ RecipesUITests.xctest */ = {isa = PBXFileReference; explicitFileType = wrapper.cfbundle; includeInIndex = 0; path = "EZ RecipesUITests.xctest"; sourceTree = BUILT_PRODUCTS_DIR; };
		F12C1C54290495A500C3302B /* README.md */ = {isa = PBXFileReference; lastKnownFileType = net.daringfireball.markdown; name = README.md; path = ../README.md; sourceTree = "<group>"; };
		F12C1C55290495A500C3302B /* .gitignore */ = {isa = PBXFileReference; lastKnownFileType = text; name = .gitignore; path = ../.gitignore; sourceTree = "<group>"; };
		F12C1C56290495A500C3302B /* LICENSE */ = {isa = PBXFileReference; lastKnownFileType = text; name = LICENSE; path = ../LICENSE; sourceTree = "<group>"; };
		F12C1C5729049F7200C3302B /* EZ-Recipes-Info.plist */ = {isa = PBXFileReference; lastKnownFileType = text.plist.xml; path = "EZ-Recipes-Info.plist"; sourceTree = SOURCE_ROOT; };
		F1F38EC9290F58EB000FF99C /* Gemfile */ = {isa = PBXFileReference; lastKnownFileType = text; path = Gemfile; sourceTree = "<group>"; xcLanguageSpecificationIdentifier = xcode.lang.ruby; };
		F1F38ECA290F58EB000FF99C /* Gemfile.lock */ = {isa = PBXFileReference; lastKnownFileType = text; path = Gemfile.lock; sourceTree = "<group>"; xcLanguageSpecificationIdentifier = xcode.lang.ruby; };
/* End PBXFileReference section */

/* Begin PBXFileSystemSynchronizedBuildFileExceptionSet section */
		5E5ADA922D7CD3B1001D415C /* PBXFileSystemSynchronizedBuildFileExceptionSet */ = {
			isa = PBXFileSystemSynchronizedBuildFileExceptionSet;
			membershipExceptions = (
				PrivacyInfo.xcprivacy,
			);
			target = F12C1C262904951600C3302B /* EZ Recipes */;
		};
		5E5ADA942D7CD62A001D415C /* PBXFileSystemSynchronizedBuildFileExceptionSet */ = {
			isa = PBXFileSystemSynchronizedBuildFileExceptionSet;
			membershipExceptions = (
				SnapshotHelper.swift,
			);
			target = F12C1C402904951B00C3302B /* EZ RecipesUITests */;
		};
/* End PBXFileSystemSynchronizedBuildFileExceptionSet section */

/* Begin PBXFileSystemSynchronizedRootGroup section */
		5E5AD98C2D7CD1B8001D415C /* .github */ = {isa = PBXFileSystemSynchronizedRootGroup; explicitFileTypes = {}; explicitFolders = (); name = .github; path = ../.github; sourceTree = "<group>"; };
		5E5AD9B62D7CD24B001D415C /* screenshots */ = {isa = PBXFileSystemSynchronizedRootGroup; explicitFileTypes = {}; explicitFolders = (); name = screenshots; path = ../screenshots; sourceTree = "<group>"; };
		5E5AD9CB2D7CD295001D415C /* fastlane */ = {isa = PBXFileSystemSynchronizedRootGroup; exceptions = (5E5ADA942D7CD62A001D415C /* PBXFileSystemSynchronizedBuildFileExceptionSet */, ); explicitFileTypes = {Appfile = text.script.ruby; Fastfile = text.script.ruby; Matchfile = text.script.ruby; Pluginfile = text.script.ruby; Snapfile = text.script.ruby; }; explicitFolders = (); path = fastlane; sourceTree = "<group>"; };
		5E5AD9CD2D7CD366001D415C /* EZ RecipesUITests */ = {isa = PBXFileSystemSynchronizedRootGroup; explicitFileTypes = {}; explicitFolders = (); path = "EZ RecipesUITests"; sourceTree = "<group>"; };
		5E5AD9E12D7CD36B001D415C /* EZ RecipesTests */ = {isa = PBXFileSystemSynchronizedRootGroup; explicitFileTypes = {}; explicitFolders = (); path = "EZ RecipesTests"; sourceTree = "<group>"; };
		5E5ADA482D7CD3B1001D415C /* EZ Recipes */ = {isa = PBXFileSystemSynchronizedRootGroup; exceptions = (5E5ADA922D7CD3B1001D415C /* PBXFileSystemSynchronizedBuildFileExceptionSet */, ); explicitFileTypes = {}; explicitFolders = (); path = "EZ Recipes"; sourceTree = "<group>"; };
/* End PBXFileSystemSynchronizedRootGroup section */

/* Begin PBXFrameworksBuildPhase section */
		F12C1C242904951600C3302B /* Frameworks */ = {
			isa = PBXFrameworksBuildPhase;
			buildActionMask = 2147483647;
			files = (
				5E0405A72DA0CFF300C3B312 /* AlertToast in Frameworks */,
				F17A80A52B78764300E811C8 /* MultiPicker in Frameworks */,
				F12C1C662904D16700C3302B /* Alamofire in Frameworks */,
			);
			runOnlyForDeploymentPostprocessing = 0;
		};
		F12C1C342904951B00C3302B /* Frameworks */ = {
			isa = PBXFrameworksBuildPhase;
			buildActionMask = 2147483647;
			files = (
			);
			runOnlyForDeploymentPostprocessing = 0;
		};
		F12C1C3E2904951B00C3302B /* Frameworks */ = {
			isa = PBXFrameworksBuildPhase;
			buildActionMask = 2147483647;
			files = (
			);
			runOnlyForDeploymentPostprocessing = 0;
		};
/* End PBXFrameworksBuildPhase section */

/* Begin PBXGroup section */
		F12C1C1E2904951600C3302B = {
			isa = PBXGroup;
			children = (
				5E5AD98C2D7CD1B8001D415C /* .github */,
				5E5AD9CB2D7CD295001D415C /* fastlane */,
				5E5AD9B62D7CD24B001D415C /* screenshots */,
				F12C1C55290495A500C3302B /* .gitignore */,
				F1F38EC9290F58EB000FF99C /* Gemfile */,
				F1F38ECA290F58EB000FF99C /* Gemfile.lock */,
				5E756B052E9DD80B002D0E25 /* Package.swift */,
				F12C1C56290495A500C3302B /* LICENSE */,
				F12C1C54290495A500C3302B /* README.md */,
				F12C1C5729049F7200C3302B /* EZ-Recipes-Info.plist */,
				5E5ADA482D7CD3B1001D415C /* EZ Recipes */,
				5E5AD9E12D7CD36B001D415C /* EZ RecipesTests */,
				5E5AD9CD2D7CD366001D415C /* EZ RecipesUITests */,
				F12C1C282904951600C3302B /* Products */,
			);
			sourceTree = "<group>";
		};
		F12C1C282904951600C3302B /* Products */ = {
			isa = PBXGroup;
			children = (
				F12C1C272904951600C3302B /* EZ Recipes.app */,
				F12C1C372904951B00C3302B /* EZ RecipesTests.xctest */,
				F12C1C412904951B00C3302B /* EZ RecipesUITests.xctest */,
			);
			name = Products;
			sourceTree = "<group>";
		};
/* End PBXGroup section */

/* Begin PBXNativeTarget section */
		F12C1C262904951600C3302B /* EZ Recipes */ = {
			isa = PBXNativeTarget;
			buildConfigurationList = F12C1C4B2904951B00C3302B /* Build configuration list for PBXNativeTarget "EZ Recipes" */;
			buildPhases = (
				F12C1C232904951600C3302B /* Sources */,
				F12C1C242904951600C3302B /* Frameworks */,
				F12C1C252904951600C3302B /* Resources */,
			);
			buildRules = (
			);
			dependencies = (
			);
			fileSystemSynchronizedGroups = (
				5E5ADA482D7CD3B1001D415C /* EZ Recipes */,
			);
			name = "EZ Recipes";
			packageProductDependencies = (
				F12C1C652904D16700C3302B /* Alamofire */,
				F17A80A42B78764300E811C8 /* MultiPicker */,
				5E0405A62DA0CFF300C3B312 /* AlertToast */,
			);
			productName = "EZ Recipes";
			productReference = F12C1C272904951600C3302B /* EZ Recipes.app */;
			productType = "com.apple.product-type.application";
		};
		F12C1C362904951B00C3302B /* EZ RecipesTests */ = {
			isa = PBXNativeTarget;
			buildConfigurationList = F12C1C4E2904951B00C3302B /* Build configuration list for PBXNativeTarget "EZ RecipesTests" */;
			buildPhases = (
				F12C1C332904951B00C3302B /* Sources */,
				F12C1C342904951B00C3302B /* Frameworks */,
				F12C1C352904951B00C3302B /* Resources */,
			);
			buildRules = (
			);
			dependencies = (
				F12C1C392904951B00C3302B /* PBXTargetDependency */,
			);
			fileSystemSynchronizedGroups = (
				5E5AD9E12D7CD36B001D415C /* EZ RecipesTests */,
			);
			name = "EZ RecipesTests";
			productName = "EZ RecipesTests";
			productReference = F12C1C372904951B00C3302B /* EZ RecipesTests.xctest */;
			productType = "com.apple.product-type.bundle.unit-test";
		};
		F12C1C402904951B00C3302B /* EZ RecipesUITests */ = {
			isa = PBXNativeTarget;
			buildConfigurationList = F12C1C512904951B00C3302B /* Build configuration list for PBXNativeTarget "EZ RecipesUITests" */;
			buildPhases = (
				F12C1C3D2904951B00C3302B /* Sources */,
				F12C1C3E2904951B00C3302B /* Frameworks */,
				F12C1C3F2904951B00C3302B /* Resources */,
			);
			buildRules = (
			);
			dependencies = (
				F12C1C432904951B00C3302B /* PBXTargetDependency */,
			);
			fileSystemSynchronizedGroups = (
				5E5AD9CD2D7CD366001D415C /* EZ RecipesUITests */,
			);
			name = "EZ RecipesUITests";
			productName = "EZ RecipesUITests";
			productReference = F12C1C412904951B00C3302B /* EZ RecipesUITests.xctest */;
			productType = "com.apple.product-type.bundle.ui-testing";
		};
/* End PBXNativeTarget section */

/* Begin PBXProject section */
		F12C1C1F2904951600C3302B /* Project object */ = {
			isa = PBXProject;
			attributes = {
				BuildIndependentTargetsInParallel = 1;
				LastSwiftUpdateCheck = 1340;
				LastUpgradeCheck = 2600;
				TargetAttributes = {
					F12C1C262904951600C3302B = {
						CreatedOnToolsVersion = 13.4.1;
					};
					F12C1C362904951B00C3302B = {
						CreatedOnToolsVersion = 13.4.1;
						TestTargetID = F12C1C262904951600C3302B;
					};
					F12C1C402904951B00C3302B = {
						CreatedOnToolsVersion = 13.4.1;
						TestTargetID = F12C1C262904951600C3302B;
					};
				};
			};
			buildConfigurationList = F12C1C222904951600C3302B /* Build configuration list for PBXProject "EZ Recipes" */;
			compatibilityVersion = "Xcode 13.0";
			developmentRegion = en;
			hasScannedForEncodings = 0;
			knownRegions = (
				en,
				Base,
			);
			mainGroup = F12C1C1E2904951600C3302B;
			packageReferences = (
				F12C1C642904D16600C3302B /* XCRemoteSwiftPackageReference "Alamofire" */,
				F17A80A32B78764300E811C8 /* XCRemoteSwiftPackageReference "MultiPicker" */,
				5E0405A52DA0CFF300C3B312 /* XCRemoteSwiftPackageReference "AlertToast" */,
			);
			productRefGroup = F12C1C282904951600C3302B /* Products */;
			projectDirPath = "";
			projectRoot = "";
			targets = (
				F12C1C262904951600C3302B /* EZ Recipes */,
				F12C1C362904951B00C3302B /* EZ RecipesTests */,
				F12C1C402904951B00C3302B /* EZ RecipesUITests */,
			);
		};
/* End PBXProject section */

/* Begin PBXResourcesBuildPhase section */
		F12C1C252904951600C3302B /* Resources */ = {
			isa = PBXResourcesBuildPhase;
			buildActionMask = 2147483647;
			files = (
			);
			runOnlyForDeploymentPostprocessing = 0;
		};
		F12C1C352904951B00C3302B /* Resources */ = {
			isa = PBXResourcesBuildPhase;
			buildActionMask = 2147483647;
			files = (
			);
			runOnlyForDeploymentPostprocessing = 0;
		};
		F12C1C3F2904951B00C3302B /* Resources */ = {
			isa = PBXResourcesBuildPhase;
			buildActionMask = 2147483647;
			files = (
			);
			runOnlyForDeploymentPostprocessing = 0;
		};
/* End PBXResourcesBuildPhase section */

/* Begin PBXSourcesBuildPhase section */
		F12C1C232904951600C3302B /* Sources */ = {
			isa = PBXSourcesBuildPhase;
			buildActionMask = 2147483647;
			files = (
			);
			runOnlyForDeploymentPostprocessing = 0;
		};
		F12C1C332904951B00C3302B /* Sources */ = {
			isa = PBXSourcesBuildPhase;
			buildActionMask = 2147483647;
			files = (
			);
			runOnlyForDeploymentPostprocessing = 0;
		};
		F12C1C3D2904951B00C3302B /* Sources */ = {
			isa = PBXSourcesBuildPhase;
			buildActionMask = 2147483647;
			files = (
			);
			runOnlyForDeploymentPostprocessing = 0;
		};
/* End PBXSourcesBuildPhase section */

/* Begin PBXTargetDependency section */
		F12C1C392904951B00C3302B /* PBXTargetDependency */ = {
			isa = PBXTargetDependency;
			target = F12C1C262904951600C3302B /* EZ Recipes */;
			targetProxy = F12C1C382904951B00C3302B /* PBXContainerItemProxy */;
		};
		F12C1C432904951B00C3302B /* PBXTargetDependency */ = {
			isa = PBXTargetDependency;
			target = F12C1C262904951600C3302B /* EZ Recipes */;
			targetProxy = F12C1C422904951B00C3302B /* PBXContainerItemProxy */;
		};
/* End PBXTargetDependency section */

/* Begin XCBuildConfiguration section */
		F12C1C492904951B00C3302B /* Debug */ = {
			isa = XCBuildConfiguration;
			buildSettings = {
				ALWAYS_SEARCH_USER_PATHS = NO;
				ASSETCATALOG_COMPILER_GENERATE_SWIFT_ASSET_SYMBOL_EXTENSIONS = YES;
				CLANG_ANALYZER_NONNULL = YES;
				CLANG_ANALYZER_NUMBER_OBJECT_CONVERSION = YES_AGGRESSIVE;
				CLANG_CXX_LANGUAGE_STANDARD = "gnu++17";
				CLANG_ENABLE_MODULES = YES;
				CLANG_ENABLE_OBJC_ARC = YES;
				CLANG_ENABLE_OBJC_WEAK = YES;
				CLANG_WARN_BLOCK_CAPTURE_AUTORELEASING = YES;
				CLANG_WARN_BOOL_CONVERSION = YES;
				CLANG_WARN_COMMA = YES;
				CLANG_WARN_CONSTANT_CONVERSION = YES;
				CLANG_WARN_DEPRECATED_OBJC_IMPLEMENTATIONS = YES;
				CLANG_WARN_DIRECT_OBJC_ISA_USAGE = YES_ERROR;
				CLANG_WARN_DOCUMENTATION_COMMENTS = YES;
				CLANG_WARN_EMPTY_BODY = YES;
				CLANG_WARN_ENUM_CONVERSION = YES;
				CLANG_WARN_INFINITE_RECURSION = YES;
				CLANG_WARN_INT_CONVERSION = YES;
				CLANG_WARN_NON_LITERAL_NULL_CONVERSION = YES;
				CLANG_WARN_OBJC_IMPLICIT_RETAIN_SELF = YES;
				CLANG_WARN_OBJC_LITERAL_CONVERSION = YES;
				CLANG_WARN_OBJC_ROOT_CLASS = YES_ERROR;
				CLANG_WARN_QUOTED_INCLUDE_IN_FRAMEWORK_HEADER = YES;
				CLANG_WARN_RANGE_LOOP_ANALYSIS = YES;
				CLANG_WARN_STRICT_PROTOTYPES = YES;
				CLANG_WARN_SUSPICIOUS_MOVE = YES;
				CLANG_WARN_UNGUARDED_AVAILABILITY = YES_AGGRESSIVE;
				CLANG_WARN_UNREACHABLE_CODE = YES;
				CLANG_WARN__DUPLICATE_METHOD_MATCH = YES;
				COPY_PHASE_STRIP = NO;
				DEBUG_INFORMATION_FORMAT = dwarf;
				DEVELOPMENT_TEAM = UF6E5BVT98;
				ENABLE_STRICT_OBJC_MSGSEND = YES;
				ENABLE_TESTABILITY = YES;
				ENABLE_USER_SCRIPT_SANDBOXING = YES;
				GCC_C_LANGUAGE_STANDARD = gnu11;
				GCC_DYNAMIC_NO_PIC = NO;
				GCC_NO_COMMON_BLOCKS = YES;
				GCC_OPTIMIZATION_LEVEL = 0;
				GCC_PREPROCESSOR_DEFINITIONS = (
					"DEBUG=1",
					"$(inherited)",
				);
				GCC_WARN_64_TO_32_BIT_CONVERSION = YES;
				GCC_WARN_ABOUT_RETURN_TYPE = YES_ERROR;
				GCC_WARN_UNDECLARED_SELECTOR = YES;
				GCC_WARN_UNINITIALIZED_AUTOS = YES_AGGRESSIVE;
				GCC_WARN_UNUSED_FUNCTION = YES;
				GCC_WARN_UNUSED_VARIABLE = YES;
				IPHONEOS_DEPLOYMENT_TARGET = 18.0;
				LOCALIZATION_PREFERS_STRING_CATALOGS = YES;
				MTL_ENABLE_DEBUG_INFO = INCLUDE_SOURCE;
				MTL_FAST_MATH = YES;
				ONLY_ACTIVE_ARCH = YES;
				SDKROOT = iphoneos;
				STRING_CATALOG_GENERATE_SYMBOLS = YES;
				SWIFT_ACTIVE_COMPILATION_CONDITIONS = DEBUG;
				SWIFT_EMIT_LOC_STRINGS = YES;
				SWIFT_OPTIMIZATION_LEVEL = "-Onone";
				SWIFT_VERSION = 6.0;
			};
			name = Debug;
		};
		F12C1C4A2904951B00C3302B /* Release */ = {
			isa = XCBuildConfiguration;
			buildSettings = {
				ALWAYS_SEARCH_USER_PATHS = NO;
				ASSETCATALOG_COMPILER_GENERATE_SWIFT_ASSET_SYMBOL_EXTENSIONS = YES;
				CLANG_ANALYZER_NONNULL = YES;
				CLANG_ANALYZER_NUMBER_OBJECT_CONVERSION = YES_AGGRESSIVE;
				CLANG_CXX_LANGUAGE_STANDARD = "gnu++17";
				CLANG_ENABLE_MODULES = YES;
				CLANG_ENABLE_OBJC_ARC = YES;
				CLANG_ENABLE_OBJC_WEAK = YES;
				CLANG_WARN_BLOCK_CAPTURE_AUTORELEASING = YES;
				CLANG_WARN_BOOL_CONVERSION = YES;
				CLANG_WARN_COMMA = YES;
				CLANG_WARN_CONSTANT_CONVERSION = YES;
				CLANG_WARN_DEPRECATED_OBJC_IMPLEMENTATIONS = YES;
				CLANG_WARN_DIRECT_OBJC_ISA_USAGE = YES_ERROR;
				CLANG_WARN_DOCUMENTATION_COMMENTS = YES;
				CLANG_WARN_EMPTY_BODY = YES;
				CLANG_WARN_ENUM_CONVERSION = YES;
				CLANG_WARN_INFINITE_RECURSION = YES;
				CLANG_WARN_INT_CONVERSION = YES;
				CLANG_WARN_NON_LITERAL_NULL_CONVERSION = YES;
				CLANG_WARN_OBJC_IMPLICIT_RETAIN_SELF = YES;
				CLANG_WARN_OBJC_LITERAL_CONVERSION = YES;
				CLANG_WARN_OBJC_ROOT_CLASS = YES_ERROR;
				CLANG_WARN_QUOTED_INCLUDE_IN_FRAMEWORK_HEADER = YES;
				CLANG_WARN_RANGE_LOOP_ANALYSIS = YES;
				CLANG_WARN_STRICT_PROTOTYPES = YES;
				CLANG_WARN_SUSPICIOUS_MOVE = YES;
				CLANG_WARN_UNGUARDED_AVAILABILITY = YES_AGGRESSIVE;
				CLANG_WARN_UNREACHABLE_CODE = YES;
				CLANG_WARN__DUPLICATE_METHOD_MATCH = YES;
				COPY_PHASE_STRIP = NO;
				DEBUG_INFORMATION_FORMAT = "dwarf-with-dsym";
				DEVELOPMENT_TEAM = UF6E5BVT98;
				ENABLE_NS_ASSERTIONS = NO;
				ENABLE_STRICT_OBJC_MSGSEND = YES;
				ENABLE_USER_SCRIPT_SANDBOXING = YES;
				GCC_C_LANGUAGE_STANDARD = gnu11;
				GCC_NO_COMMON_BLOCKS = YES;
				GCC_WARN_64_TO_32_BIT_CONVERSION = YES;
				GCC_WARN_ABOUT_RETURN_TYPE = YES_ERROR;
				GCC_WARN_UNDECLARED_SELECTOR = YES;
				GCC_WARN_UNINITIALIZED_AUTOS = YES_AGGRESSIVE;
				GCC_WARN_UNUSED_FUNCTION = YES;
				GCC_WARN_UNUSED_VARIABLE = YES;
				IPHONEOS_DEPLOYMENT_TARGET = 18.0;
				LOCALIZATION_PREFERS_STRING_CATALOGS = YES;
				MTL_ENABLE_DEBUG_INFO = NO;
				MTL_FAST_MATH = YES;
				SDKROOT = iphoneos;
				STRING_CATALOG_GENERATE_SYMBOLS = YES;
				SWIFT_COMPILATION_MODE = wholemodule;
				SWIFT_EMIT_LOC_STRINGS = YES;
				SWIFT_OPTIMIZATION_LEVEL = "-O";
				SWIFT_VERSION = 6.0;
				VALIDATE_PRODUCT = YES;
			};
			name = Release;
		};
		F12C1C4C2904951B00C3302B /* Debug */ = {
			isa = XCBuildConfiguration;
			buildSettings = {
				ASSETCATALOG_COMPILER_APPICON_NAME = AppIcon;
				ASSETCATALOG_COMPILER_GLOBAL_ACCENT_COLOR_NAME = AccentColor;
				CODE_SIGN_STYLE = Automatic;
				CURRENT_PROJECT_VERSION = 1;
				DEVELOPMENT_ASSET_PATHS = "\"EZ Recipes/Preview Content\"";
				ENABLE_PREVIEWS = YES;
				GENERATE_INFOPLIST_FILE = YES;
				INFOPLIST_FILE = "EZ-Recipes-Info.plist";
				INFOPLIST_KEY_LSApplicationCategoryType = "public.app-category.food-and-drink";
				INFOPLIST_KEY_NSFaceIDUsageDescription = "Securely manage your account";
				INFOPLIST_KEY_UIApplicationSceneManifest_Generation = YES;
				INFOPLIST_KEY_UIApplicationSupportsIndirectInputEvents = YES;
				INFOPLIST_KEY_UISupportedInterfaceOrientations_iPad = "UIInterfaceOrientationPortrait UIInterfaceOrientationPortraitUpsideDown UIInterfaceOrientationLandscapeLeft UIInterfaceOrientationLandscapeRight";
				INFOPLIST_KEY_UISupportedInterfaceOrientations_iPhone = "UIInterfaceOrientationPortrait UIInterfaceOrientationLandscapeLeft UIInterfaceOrientationLandscapeRight";
				LD_RUNPATH_SEARCH_PATHS = (
					"$(inherited)",
					"@executable_path/Frameworks",
				);
				MARKETING_VERSION = 3.0.0;
				PRODUCT_BUNDLE_IDENTIFIER = "com.abhiek.EZ-Recipes";
				PRODUCT_NAME = "$(TARGET_NAME)";
				TARGETED_DEVICE_FAMILY = "1,2";
			};
			name = Debug;
		};
		F12C1C4D2904951B00C3302B /* Release */ = {
			isa = XCBuildConfiguration;
			buildSettings = {
				ASSETCATALOG_COMPILER_APPICON_NAME = AppIcon;
				ASSETCATALOG_COMPILER_GLOBAL_ACCENT_COLOR_NAME = AccentColor;
				CODE_SIGN_STYLE = Automatic;
				CURRENT_PROJECT_VERSION = 1;
				DEVELOPMENT_ASSET_PATHS = "\"EZ Recipes/Preview Content\"";
				ENABLE_PREVIEWS = YES;
				GENERATE_INFOPLIST_FILE = YES;
				INFOPLIST_FILE = "EZ-Recipes-Info.plist";
				INFOPLIST_KEY_LSApplicationCategoryType = "public.app-category.food-and-drink";
				INFOPLIST_KEY_NSFaceIDUsageDescription = "Securely manage your account";
				INFOPLIST_KEY_UIApplicationSceneManifest_Generation = YES;
				INFOPLIST_KEY_UIApplicationSupportsIndirectInputEvents = YES;
				INFOPLIST_KEY_UISupportedInterfaceOrientations_iPad = "UIInterfaceOrientationPortrait UIInterfaceOrientationPortraitUpsideDown UIInterfaceOrientationLandscapeLeft UIInterfaceOrientationLandscapeRight";
				INFOPLIST_KEY_UISupportedInterfaceOrientations_iPhone = "UIInterfaceOrientationPortrait UIInterfaceOrientationLandscapeLeft UIInterfaceOrientationLandscapeRight";
				LD_RUNPATH_SEARCH_PATHS = (
					"$(inherited)",
					"@executable_path/Frameworks",
				);
				MARKETING_VERSION = 3.0.0;
				PRODUCT_BUNDLE_IDENTIFIER = "com.abhiek.EZ-Recipes";
				PRODUCT_NAME = "$(TARGET_NAME)";
				TARGETED_DEVICE_FAMILY = "1,2";
			};
			name = Release;
		};
		F12C1C4F2904951B00C3302B /* Debug */ = {
			isa = XCBuildConfiguration;
			buildSettings = {
				BUNDLE_LOADER = "$(TEST_HOST)";
				CODE_SIGN_STYLE = Automatic;
				CURRENT_PROJECT_VERSION = 1;
				GENERATE_INFOPLIST_FILE = YES;
				MARKETING_VERSION = 1.0;
				PRODUCT_BUNDLE_IDENTIFIER = "com.abhiek.EZ-RecipesTests";
				PRODUCT_NAME = "$(TARGET_NAME)";
				SUPPORTED_PLATFORMS = "iphoneos iphonesimulator";
				SUPPORTS_MACCATALYST = NO;
				SWIFT_EMIT_LOC_STRINGS = NO;
				TARGETED_DEVICE_FAMILY = "1,2";
				TEST_HOST = "$(BUILT_PRODUCTS_DIR)/EZ Recipes.app/EZ Recipes";
			};
			name = Debug;
		};
		F12C1C502904951B00C3302B /* Release */ = {
			isa = XCBuildConfiguration;
			buildSettings = {
				BUNDLE_LOADER = "$(TEST_HOST)";
				CODE_SIGN_STYLE = Automatic;
				CURRENT_PROJECT_VERSION = 1;
				GENERATE_INFOPLIST_FILE = YES;
				MARKETING_VERSION = 1.0;
				PRODUCT_BUNDLE_IDENTIFIER = "com.abhiek.EZ-RecipesTests";
				PRODUCT_NAME = "$(TARGET_NAME)";
				SUPPORTED_PLATFORMS = "iphoneos iphonesimulator";
				SUPPORTS_MACCATALYST = NO;
				SWIFT_EMIT_LOC_STRINGS = NO;
				TARGETED_DEVICE_FAMILY = "1,2";
				TEST_HOST = "$(BUILT_PRODUCTS_DIR)/EZ Recipes.app/EZ Recipes";
			};
			name = Release;
		};
		F12C1C522904951B00C3302B /* Debug */ = {
			isa = XCBuildConfiguration;
			buildSettings = {
				CODE_SIGN_STYLE = Automatic;
				CURRENT_PROJECT_VERSION = 1;
				GENERATE_INFOPLIST_FILE = YES;
				MARKETING_VERSION = 1.0;
				PRODUCT_BUNDLE_IDENTIFIER = "com.abhiek.EZ-RecipesUITests";
				PRODUCT_NAME = "$(TARGET_NAME)";
				SUPPORTED_PLATFORMS = "iphoneos iphonesimulator";
				SUPPORTS_MACCATALYST = NO;
				SWIFT_EMIT_LOC_STRINGS = NO;
				TARGETED_DEVICE_FAMILY = "1,2";
				TEST_TARGET_NAME = "EZ Recipes";
			};
			name = Debug;
		};
		F12C1C532904951B00C3302B /* Release */ = {
			isa = XCBuildConfiguration;
			buildSettings = {
				CODE_SIGN_STYLE = Automatic;
				CURRENT_PROJECT_VERSION = 1;
				GENERATE_INFOPLIST_FILE = YES;
				MARKETING_VERSION = 1.0;
				PRODUCT_BUNDLE_IDENTIFIER = "com.abhiek.EZ-RecipesUITests";
				PRODUCT_NAME = "$(TARGET_NAME)";
				SUPPORTED_PLATFORMS = "iphoneos iphonesimulator";
				SUPPORTS_MACCATALYST = NO;
				SWIFT_EMIT_LOC_STRINGS = NO;
				TARGETED_DEVICE_FAMILY = "1,2";
				TEST_TARGET_NAME = "EZ Recipes";
			};
			name = Release;
		};
/* End XCBuildConfiguration section */

/* Begin XCConfigurationList section */
		F12C1C222904951600C3302B /* Build configuration list for PBXProject "EZ Recipes" */ = {
			isa = XCConfigurationList;
			buildConfigurations = (
				F12C1C492904951B00C3302B /* Debug */,
				F12C1C4A2904951B00C3302B /* Release */,
			);
			defaultConfigurationIsVisible = 0;
			defaultConfigurationName = Release;
		};
		F12C1C4B2904951B00C3302B /* Build configuration list for PBXNativeTarget "EZ Recipes" */ = {
			isa = XCConfigurationList;
			buildConfigurations = (
				F12C1C4C2904951B00C3302B /* Debug */,
				F12C1C4D2904951B00C3302B /* Release */,
			);
			defaultConfigurationIsVisible = 0;
			defaultConfigurationName = Release;
		};
		F12C1C4E2904951B00C3302B /* Build configuration list for PBXNativeTarget "EZ RecipesTests" */ = {
			isa = XCConfigurationList;
			buildConfigurations = (
				F12C1C4F2904951B00C3302B /* Debug */,
				F12C1C502904951B00C3302B /* Release */,
			);
			defaultConfigurationIsVisible = 0;
			defaultConfigurationName = Release;
		};
		F12C1C512904951B00C3302B /* Build configuration list for PBXNativeTarget "EZ RecipesUITests" */ = {
			isa = XCConfigurationList;
			buildConfigurations = (
				F12C1C522904951B00C3302B /* Debug */,
				F12C1C532904951B00C3302B /* Release */,
			);
			defaultConfigurationIsVisible = 0;
			defaultConfigurationName = Release;
		};
/* End XCConfigurationList section */

/* Begin XCRemoteSwiftPackageReference section */
		5E0405A52DA0CFF300C3B312 /* XCRemoteSwiftPackageReference "AlertToast" */ = {
			isa = XCRemoteSwiftPackageReference;
			repositoryURL = "https://github.com/elai950/AlertToast.git";
			requirement = {
				kind = upToNextMajorVersion;
				minimumVersion = 1.3.9;
			};
		};
		F12C1C642904D16600C3302B /* XCRemoteSwiftPackageReference "Alamofire" */ = {
			isa = XCRemoteSwiftPackageReference;
			repositoryURL = "https://github.com/Alamofire/Alamofire.git";
			requirement = {
				kind = upToNextMajorVersion;
				minimumVersion = 5.0.0;
			};
		};
		F17A80A32B78764300E811C8 /* XCRemoteSwiftPackageReference "MultiPicker" */ = {
			isa = XCRemoteSwiftPackageReference;
			repositoryURL = "https://github.com/toastersocks/MultiPicker.git";
			requirement = {
				kind = upToNextMajorVersion;
				minimumVersion = 2.0.0;
			};
		};
/* End XCRemoteSwiftPackageReference section */

/* Begin XCSwiftPackageProductDependency section */
		5E0405A62DA0CFF300C3B312 /* AlertToast */ = {
			isa = XCSwiftPackageProductDependency;
			package = 5E0405A52DA0CFF300C3B312 /* XCRemoteSwiftPackageReference "AlertToast" */;
			productName = AlertToast;
		};
		F12C1C652904D16700C3302B /* Alamofire */ = {
			isa = XCSwiftPackageProductDependency;
			package = F12C1C642904D16600C3302B /* XCRemoteSwiftPackageReference "Alamofire" */;
			productName = Alamofire;
		};
		F17A80A42B78764300E811C8 /* MultiPicker */ = {
			isa = XCSwiftPackageProductDependency;
			package = F17A80A32B78764300E811C8 /* XCRemoteSwiftPackageReference "MultiPicker" */;
			productName = MultiPicker;
		};
/* End XCSwiftPackageProductDependency section */
	};
	rootObject = F12C1C1F2904951600C3302B /* Project object */;
}
