{
  "originHash" : "4d3034f04f5009b469e1c43da696a3d1fb85455a33729848b679fe20e5688596",
  "pins" : [
    {
      "identity" : "alamofire",
      "kind" : "remoteSourceControl",
      "location" : "https://github.com/Alamofire/Alamofire.git",
      "state" : {
        "revision" : "513364f870f6bfc468f9d2ff0a95caccc10044c5",
        "version" : "5.10.2"
      }
    },
    {
      "identity" : "alerttoast",
      "kind" : "remoteSourceControl",
      "location" : "https://github.com/elai950/AlertToast.git",
      "state" : {
        "revision" : "b39252eacd159904afd7d718bba0afabb87f2f2f",
        "version" : "1.3.9"
      }
    },
    {
      "identity" : "flow",
      "kind" : "remoteSourceControl",
      "location" : "https://github.com/toastersocks/Flow.git",
      "state" : {
        "revision" : "5c1b99acf390ace87006e065b14f9bdcdd27fdbb",
        "version" : "1.2.3"
      }
    },
    {
      "identity" : "helpers",
      "kind" : "remoteSourceControl",
      "location" : "https://github.com/toastersocks/Helpers.git",
      "state" : {
        "revision" : "05bbf887ec0b235c14be6d13de61a04fc65a1ddc",
        "version" : "1.0.1"
      }
    },
    {
      "identity" : "multipicker",
      "kind" : "remoteSourceControl",
      "location" : "https://github.com/toastersocks/MultiPicker.git",
      "state" : {
        "revision" : "546bdb3c6534c78dac3d2bb55995f613e054741e",
        "version" : "2.0.6"
      }
    }
  ],
  "version" : 3
}
