{
  "originHash" : "2e87e198b2363d2f23b729e1c8a890728c419450ba9d690c5c45f32db5b7f2e5",
  "pins" : [
    {
      "identity" : "alamofire",
      "kind" : "remoteSourceControl",
      "location" : "https://github.com/Alamofire/Alamofire.git",
      "state" : {
        "revision" : "513364f870f6bfc468f9d2ff0a95caccc10044c5",
        "version" : "5.10.2"
      }
    },
    {
      "identity" : "flow",
      "kind" : "remoteSourceControl",
      "location" : "https://github.com/toastersocks/Flow.git",
      "state" : {
        "revision" : "5c1b99acf390ace87006e065b14f9bdcdd27fdbb",
        "version" : "1.2.3"
      }
    },
    {
      "identity" : "helpers",
      "kind" : "remoteSourceControl",
      "location" : "https://github.com/toastersocks/Helpers.git",
      "state" : {
        "revision" : "ae8fe3d43f72082cd4a67a0e9791fa982aa90d54",
        "version" : "0.6.0"
      }
    },
    {
      "identity" : "multipicker",
      "kind" : "remoteSourceControl",
      "location" : "https://github.com/toastersocks/MultiPicker.git",
      "state" : {
        "revision" : "bd217fcdbd39969b6b42126565a077702a0f0015",
        "version" : "1.1.0"
      }
    }
  ],
  "version" : 3
}
